
Microsoft Visual Studio Solution File, Format Version 12.00
# Visual Studio 15
VisualStudioVersion = 15.0.26730.16
MinimumVisualStudioVersion = 10.0.40219.1
Project("{FAE04EC0-301F-11D3-BF4B-00C04F79EFBC}") = "ParentControl.SetupTool", "ParentControl.SetupTool\ParentControl.SetupTool.csproj", "{615AB9A9-FAB3-4CC5-8CCD-142E26D88F60}"
EndProject
Project("{FAE04EC0-301F-11D3-BF4B-00C04F79EFBC}") = "ParentControl.Infrastructure", "ParentControl.Infrastructure\ParentControl.Infrastructure.csproj", "{65AC5FA6-80AB-4142-B0FF-1AE1241BAAAD}"
EndProject
Project("{FAE04EC0-301F-11D3-BF4B-00C04F79EFBC}") = "ParentControl.Client", "ParentControl.Client\ParentControl.Client.csproj", "{5E0565A0-85C7-4701-BB2A-0B360F84CC09}"
EndProject
Project("{FAE04EC0-301F-11D3-BF4B-00C04F79EFBC}") = "ParentControl.Client.Test", "ParentControl.Client.Test\ParentControl.Client.Test.csproj", "{8173519A-52C7-4998-A960-195627BC9E18}"
EndProject
Project("{FAE04EC0-301F-11D3-BF4B-00C04F79EFBC}") = "ParentControl.DTO", "ParentControl.DTO\ParentControl.DTO.csproj", "{4F770C27-0667-43E8-9B2A-1F9465456F01}"
EndProject
Project("{FAE04EC0-301F-11D3-BF4B-00C04F79EFBC}") = "Parent Control.Test", "Parent Control.Test\Parent Control.Test.csproj", "{1AE7F5D3-52B9-4C07-9860-1A068C73783A}"
EndProject
Project("{FAE04EC0-301F-11D3-BF4B-00C04F79EFBC}") = "ParentControl.Service", "ParentControl.Service\ParentControl.Service.csproj", "{319B2990-93FB-4034-8B17-687BD2B469AB}"
EndProject
Project("{FAE04EC0-301F-11D3-BF4B-00C04F79EFBC}") = "ParentControl.Timer", "ParentControl.Timer\ParentControl.Timer.csproj", "{3D17AB3E-2CCF-41B6-98F5-4E693060CF69}"
EndProject
Global
	GlobalSection(SolutionConfigurationPlatforms) = preSolution
		Ad-Hoc|Any CPU = Ad-Hoc|Any CPU
		Ad-Hoc|ARM = Ad-Hoc|ARM
		Ad-Hoc|iPhone = Ad-Hoc|iPhone
		Ad-Hoc|iPhoneSimulator = Ad-Hoc|iPhoneSimulator
		Ad-Hoc|x64 = Ad-Hoc|x64
		Ad-Hoc|x86 = Ad-Hoc|x86
		AppStore|Any CPU = AppStore|Any CPU
		AppStore|ARM = AppStore|ARM
		AppStore|iPhone = AppStore|iPhone
		AppStore|iPhoneSimulator = AppStore|iPhoneSimulator
		AppStore|x64 = AppStore|x64
		AppStore|x86 = AppStore|x86
		Debug|Any CPU = Debug|Any CPU
		Debug|ARM = Debug|ARM
		Debug|iPhone = Debug|iPhone
		Debug|iPhoneSimulator = Debug|iPhoneSimulator
		Debug|x64 = Debug|x64
		Debug|x86 = Debug|x86
		Release|Any CPU = Release|Any CPU
		Release|ARM = Release|ARM
		Release|iPhone = Release|iPhone
		Release|iPhoneSimulator = Release|iPhoneSimulator
		Release|x64 = Release|x64
		Release|x86 = Release|x86
	EndGlobalSection
	GlobalSection(ProjectConfigurationPlatforms) = postSolution
		{615AB9A9-FAB3-4CC5-8CCD-142E26D88F60}.Ad-Hoc|Any CPU.ActiveCfg = Release|Any CPU
		{615AB9A9-FAB3-4CC5-8CCD-142E26D88F60}.Ad-Hoc|Any CPU.Build.0 = Release|Any CPU
		{615AB9A9-FAB3-4CC5-8CCD-142E26D88F60}.Ad-Hoc|ARM.ActiveCfg = Release|Any CPU
		{615AB9A9-FAB3-4CC5-8CCD-142E26D88F60}.Ad-Hoc|ARM.Build.0 = Release|Any CPU
		{615AB9A9-FAB3-4CC5-8CCD-142E26D88F60}.Ad-Hoc|iPhone.ActiveCfg = Release|Any CPU
		{615AB9A9-FAB3-4CC5-8CCD-142E26D88F60}.Ad-Hoc|iPhone.Build.0 = Release|Any CPU
		{615AB9A9-FAB3-4CC5-8CCD-142E26D88F60}.Ad-Hoc|iPhoneSimulator.ActiveCfg = Release|Any CPU
		{615AB9A9-FAB3-4CC5-8CCD-142E26D88F60}.Ad-Hoc|iPhoneSimulator.Build.0 = Release|Any CPU
		{615AB9A9-FAB3-4CC5-8CCD-142E26D88F60}.Ad-Hoc|x64.ActiveCfg = Release|Any CPU
		{615AB9A9-FAB3-4CC5-8CCD-142E26D88F60}.Ad-Hoc|x64.Build.0 = Release|Any CPU
		{615AB9A9-FAB3-4CC5-8CCD-142E26D88F60}.Ad-Hoc|x86.ActiveCfg = Release|Any CPU
		{615AB9A9-FAB3-4CC5-8CCD-142E26D88F60}.Ad-Hoc|x86.Build.0 = Release|Any CPU
		{615AB9A9-FAB3-4CC5-8CCD-142E26D88F60}.AppStore|Any CPU.ActiveCfg = Release|Any CPU
		{615AB9A9-FAB3-4CC5-8CCD-142E26D88F60}.AppStore|Any CPU.Build.0 = Release|Any CPU
		{615AB9A9-FAB3-4CC5-8CCD-142E26D88F60}.AppStore|ARM.ActiveCfg = Release|Any CPU
		{615AB9A9-FAB3-4CC5-8CCD-142E26D88F60}.AppStore|ARM.Build.0 = Release|Any CPU
		{615AB9A9-FAB3-4CC5-8CCD-142E26D88F60}.AppStore|iPhone.ActiveCfg = Release|Any CPU
		{615AB9A9-FAB3-4CC5-8CCD-142E26D88F60}.AppStore|iPhone.Build.0 = Release|Any CPU
		{615AB9A9-FAB3-4CC5-8CCD-142E26D88F60}.AppStore|iPhoneSimulator.ActiveCfg = Release|Any CPU
		{615AB9A9-FAB3-4CC5-8CCD-142E26D88F60}.AppStore|iPhoneSimulator.Build.0 = Release|Any CPU
		{615AB9A9-FAB3-4CC5-8CCD-142E26D88F60}.AppStore|x64.ActiveCfg = Release|Any CPU
		{615AB9A9-FAB3-4CC5-8CCD-142E26D88F60}.AppStore|x64.Build.0 = Release|Any CPU
		{615AB9A9-FAB3-4CC5-8CCD-142E26D88F60}.AppStore|x86.ActiveCfg = Release|Any CPU
		{615AB9A9-FAB3-4CC5-8CCD-142E26D88F60}.AppStore|x86.Build.0 = Release|Any CPU
		{615AB9A9-FAB3-4CC5-8CCD-142E26D88F60}.Debug|Any CPU.ActiveCfg = Debug|Any CPU
		{615AB9A9-FAB3-4CC5-8CCD-142E26D88F60}.Debug|Any CPU.Build.0 = Debug|Any CPU
		{615AB9A9-FAB3-4CC5-8CCD-142E26D88F60}.Debug|ARM.ActiveCfg = Debug|Any CPU
		{615AB9A9-FAB3-4CC5-8CCD-142E26D88F60}.Debug|ARM.Build.0 = Debug|Any CPU
		{615AB9A9-FAB3-4CC5-8CCD-142E26D88F60}.Debug|iPhone.ActiveCfg = Debug|Any CPU
		{615AB9A9-FAB3-4CC5-8CCD-142E26D88F60}.Debug|iPhone.Build.0 = Debug|Any CPU
		{615AB9A9-FAB3-4CC5-8CCD-142E26D88F60}.Debug|iPhoneSimulator.ActiveCfg = Debug|Any CPU
		{615AB9A9-FAB3-4CC5-8CCD-142E26D88F60}.Debug|iPhoneSimulator.Build.0 = Debug|Any CPU
		{615AB9A9-FAB3-4CC5-8CCD-142E26D88F60}.Debug|x64.ActiveCfg = Debug|Any CPU
		{615AB9A9-FAB3-4CC5-8CCD-142E26D88F60}.Debug|x64.Build.0 = Debug|Any CPU
		{615AB9A9-FAB3-4CC5-8CCD-142E26D88F60}.Debug|x86.ActiveCfg = Debug|Any CPU
		{615AB9A9-FAB3-4CC5-8CCD-142E26D88F60}.Debug|x86.Build.0 = Debug|Any CPU
		{615AB9A9-FAB3-4CC5-8CCD-142E26D88F60}.Release|Any CPU.ActiveCfg = Release|Any CPU
		{615AB9A9-FAB3-4CC5-8CCD-142E26D88F60}.Release|Any CPU.Build.0 = Release|Any CPU
		{615AB9A9-FAB3-4CC5-8CCD-142E26D88F60}.Release|ARM.ActiveCfg = Release|Any CPU
		{615AB9A9-FAB3-4CC5-8CCD-142E26D88F60}.Release|ARM.Build.0 = Release|Any CPU
		{615AB9A9-FAB3-4CC5-8CCD-142E26D88F60}.Release|iPhone.ActiveCfg = Release|Any CPU
		{615AB9A9-FAB3-4CC5-8CCD-142E26D88F60}.Release|iPhone.Build.0 = Release|Any CPU
		{615AB9A9-FAB3-4CC5-8CCD-142E26D88F60}.Release|iPhoneSimulator.ActiveCfg = Release|Any CPU
		{615AB9A9-FAB3-4CC5-8CCD-142E26D88F60}.Release|iPhoneSimulator.Build.0 = Release|Any CPU
		{615AB9A9-FAB3-4CC5-8CCD-142E26D88F60}.Release|x64.ActiveCfg = Release|Any CPU
		{615AB9A9-FAB3-4CC5-8CCD-142E26D88F60}.Release|x64.Build.0 = Release|Any CPU
		{615AB9A9-FAB3-4CC5-8CCD-142E26D88F60}.Release|x86.ActiveCfg = Release|Any CPU
		{615AB9A9-FAB3-4CC5-8CCD-142E26D88F60}.Release|x86.Build.0 = Release|Any CPU
		{65AC5FA6-80AB-4142-B0FF-1AE1241BAAAD}.Ad-Hoc|Any CPU.ActiveCfg = Release|Any CPU
		{65AC5FA6-80AB-4142-B0FF-1AE1241BAAAD}.Ad-Hoc|Any CPU.Build.0 = Release|Any CPU
		{65AC5FA6-80AB-4142-B0FF-1AE1241BAAAD}.Ad-Hoc|ARM.ActiveCfg = Release|Any CPU
		{65AC5FA6-80AB-4142-B0FF-1AE1241BAAAD}.Ad-Hoc|ARM.Build.0 = Release|Any CPU
		{65AC5FA6-80AB-4142-B0FF-1AE1241BAAAD}.Ad-Hoc|iPhone.ActiveCfg = Release|Any CPU
		{65AC5FA6-80AB-4142-B0FF-1AE1241BAAAD}.Ad-Hoc|iPhone.Build.0 = Release|Any CPU
		{65AC5FA6-80AB-4142-B0FF-1AE1241BAAAD}.Ad-Hoc|iPhoneSimulator.ActiveCfg = Release|Any CPU
		{65AC5FA6-80AB-4142-B0FF-1AE1241BAAAD}.Ad-Hoc|iPhoneSimulator.Build.0 = Release|Any CPU
		{65AC5FA6-80AB-4142-B0FF-1AE1241BAAAD}.Ad-Hoc|x64.ActiveCfg = Release|Any CPU
		{65AC5FA6-80AB-4142-B0FF-1AE1241BAAAD}.Ad-Hoc|x64.Build.0 = Release|Any CPU
		{65AC5FA6-80AB-4142-B0FF-1AE1241BAAAD}.Ad-Hoc|x86.ActiveCfg = Release|Any CPU
		{65AC5FA6-80AB-4142-B0FF-1AE1241BAAAD}.Ad-Hoc|x86.Build.0 = Release|Any CPU
		{65AC5FA6-80AB-4142-B0FF-1AE1241BAAAD}.AppStore|Any CPU.ActiveCfg = Release|Any CPU
		{65AC5FA6-80AB-4142-B0FF-1AE1241BAAAD}.AppStore|Any CPU.Build.0 = Release|Any CPU
		{65AC5FA6-80AB-4142-B0FF-1AE1241BAAAD}.AppStore|ARM.ActiveCfg = Release|Any CPU
		{65AC5FA6-80AB-4142-B0FF-1AE1241BAAAD}.AppStore|ARM.Build.0 = Release|Any CPU
		{65AC5FA6-80AB-4142-B0FF-1AE1241BAAAD}.AppStore|iPhone.ActiveCfg = Release|Any CPU
		{65AC5FA6-80AB-4142-B0FF-1AE1241BAAAD}.AppStore|iPhone.Build.0 = Release|Any CPU
		{65AC5FA6-80AB-4142-B0FF-1AE1241BAAAD}.AppStore|iPhoneSimulator.ActiveCfg = Release|Any CPU
		{65AC5FA6-80AB-4142-B0FF-1AE1241BAAAD}.AppStore|iPhoneSimulator.Build.0 = Release|Any CPU
		{65AC5FA6-80AB-4142-B0FF-1AE1241BAAAD}.AppStore|x64.ActiveCfg = Release|Any CPU
		{65AC5FA6-80AB-4142-B0FF-1AE1241BAAAD}.AppStore|x64.Build.0 = Release|Any CPU
		{65AC5FA6-80AB-4142-B0FF-1AE1241BAAAD}.AppStore|x86.ActiveCfg = Release|Any CPU
		{65AC5FA6-80AB-4142-B0FF-1AE1241BAAAD}.AppStore|x86.Build.0 = Release|Any CPU
		{65AC5FA6-80AB-4142-B0FF-1AE1241BAAAD}.Debug|Any CPU.ActiveCfg = Debug|Any CPU
		{65AC5FA6-80AB-4142-B0FF-1AE1241BAAAD}.Debug|Any CPU.Build.0 = Debug|Any CPU
		{65AC5FA6-80AB-4142-B0FF-1AE1241BAAAD}.Debug|ARM.ActiveCfg = Debug|Any CPU
		{65AC5FA6-80AB-4142-B0FF-1AE1241BAAAD}.Debug|ARM.Build.0 = Debug|Any CPU
		{65AC5FA6-80AB-4142-B0FF-1AE1241BAAAD}.Debug|iPhone.ActiveCfg = Debug|Any CPU
		{65AC5FA6-80AB-4142-B0FF-1AE1241BAAAD}.Debug|iPhone.Build.0 = Debug|Any CPU
		{65AC5FA6-80AB-4142-B0FF-1AE1241BAAAD}.Debug|iPhoneSimulator.ActiveCfg = Debug|Any CPU
		{65AC5FA6-80AB-4142-B0FF-1AE1241BAAAD}.Debug|iPhoneSimulator.Build.0 = Debug|Any CPU
		{65AC5FA6-80AB-4142-B0FF-1AE1241BAAAD}.Debug|x64.ActiveCfg = Debug|Any CPU
		{65AC5FA6-80AB-4142-B0FF-1AE1241BAAAD}.Debug|x64.Build.0 = Debug|Any CPU
		{65AC5FA6-80AB-4142-B0FF-1AE1241BAAAD}.Debug|x86.ActiveCfg = Debug|Any CPU
		{65AC5FA6-80AB-4142-B0FF-1AE1241BAAAD}.Debug|x86.Build.0 = Debug|Any CPU
		{65AC5FA6-80AB-4142-B0FF-1AE1241BAAAD}.Release|Any CPU.ActiveCfg = Release|Any CPU
		{65AC5FA6-80AB-4142-B0FF-1AE1241BAAAD}.Release|Any CPU.Build.0 = Release|Any CPU
		{65AC5FA6-80AB-4142-B0FF-1AE1241BAAAD}.Release|ARM.ActiveCfg = Release|Any CPU
		{65AC5FA6-80AB-4142-B0FF-1AE1241BAAAD}.Release|ARM.Build.0 = Release|Any CPU
		{65AC5FA6-80AB-4142-B0FF-1AE1241BAAAD}.Release|iPhone.ActiveCfg = Release|Any CPU
		{65AC5FA6-80AB-4142-B0FF-1AE1241BAAAD}.Release|iPhone.Build.0 = Release|Any CPU
		{65AC5FA6-80AB-4142-B0FF-1AE1241BAAAD}.Release|iPhoneSimulator.ActiveCfg = Release|Any CPU
		{65AC5FA6-80AB-4142-B0FF-1AE1241BAAAD}.Release|iPhoneSimulator.Build.0 = Release|Any CPU
		{65AC5FA6-80AB-4142-B0FF-1AE1241BAAAD}.Release|x64.ActiveCfg = Release|Any CPU
		{65AC5FA6-80AB-4142-B0FF-1AE1241BAAAD}.Release|x64.Build.0 = Release|Any CPU
		{65AC5FA6-80AB-4142-B0FF-1AE1241BAAAD}.Release|x86.ActiveCfg = Release|Any CPU
		{65AC5FA6-80AB-4142-B0FF-1AE1241BAAAD}.Release|x86.Build.0 = Release|Any CPU
		{5E0565A0-85C7-4701-BB2A-0B360F84CC09}.Ad-Hoc|Any CPU.ActiveCfg = Release|Any CPU
		{5E0565A0-85C7-4701-BB2A-0B360F84CC09}.Ad-Hoc|Any CPU.Build.0 = Release|Any CPU
		{5E0565A0-85C7-4701-BB2A-0B360F84CC09}.Ad-Hoc|ARM.ActiveCfg = Release|Any CPU
		{5E0565A0-85C7-4701-BB2A-0B360F84CC09}.Ad-Hoc|ARM.Build.0 = Release|Any CPU
		{5E0565A0-85C7-4701-BB2A-0B360F84CC09}.Ad-Hoc|iPhone.ActiveCfg = Release|Any CPU
		{5E0565A0-85C7-4701-BB2A-0B360F84CC09}.Ad-Hoc|iPhone.Build.0 = Release|Any CPU
		{5E0565A0-85C7-4701-BB2A-0B360F84CC09}.Ad-Hoc|iPhoneSimulator.ActiveCfg = Release|Any CPU
		{5E0565A0-85C7-4701-BB2A-0B360F84CC09}.Ad-Hoc|iPhoneSimulator.Build.0 = Release|Any CPU
		{5E0565A0-85C7-4701-BB2A-0B360F84CC09}.Ad-Hoc|x64.ActiveCfg = Release|Any CPU
		{5E0565A0-85C7-4701-BB2A-0B360F84CC09}.Ad-Hoc|x64.Build.0 = Release|Any CPU
		{5E0565A0-85C7-4701-BB2A-0B360F84CC09}.Ad-Hoc|x86.ActiveCfg = Release|Any CPU
		{5E0565A0-85C7-4701-BB2A-0B360F84CC09}.Ad-Hoc|x86.Build.0 = Release|Any CPU
		{5E0565A0-85C7-4701-BB2A-0B360F84CC09}.AppStore|Any CPU.ActiveCfg = Release|Any CPU
		{5E0565A0-85C7-4701-BB2A-0B360F84CC09}.AppStore|Any CPU.Build.0 = Release|Any CPU
		{5E0565A0-85C7-4701-BB2A-0B360F84CC09}.AppStore|ARM.ActiveCfg = Release|Any CPU
		{5E0565A0-85C7-4701-BB2A-0B360F84CC09}.AppStore|ARM.Build.0 = Release|Any CPU
		{5E0565A0-85C7-4701-BB2A-0B360F84CC09}.AppStore|iPhone.ActiveCfg = Release|Any CPU
		{5E0565A0-85C7-4701-BB2A-0B360F84CC09}.AppStore|iPhone.Build.0 = Release|Any CPU
		{5E0565A0-85C7-4701-BB2A-0B360F84CC09}.AppStore|iPhoneSimulator.ActiveCfg = Release|Any CPU
		{5E0565A0-85C7-4701-BB2A-0B360F84CC09}.AppStore|iPhoneSimulator.Build.0 = Release|Any CPU
		{5E0565A0-85C7-4701-BB2A-0B360F84CC09}.AppStore|x64.ActiveCfg = Release|Any CPU
		{5E0565A0-85C7-4701-BB2A-0B360F84CC09}.AppStore|x64.Build.0 = Release|Any CPU
		{5E0565A0-85C7-4701-BB2A-0B360F84CC09}.AppStore|x86.ActiveCfg = Release|Any CPU
		{5E0565A0-85C7-4701-BB2A-0B360F84CC09}.AppStore|x86.Build.0 = Release|Any CPU
		{5E0565A0-85C7-4701-BB2A-0B360F84CC09}.Debug|Any CPU.ActiveCfg = Debug|Any CPU
		{5E0565A0-85C7-4701-BB2A-0B360F84CC09}.Debug|Any CPU.Build.0 = Debug|Any CPU
		{5E0565A0-85C7-4701-BB2A-0B360F84CC09}.Debug|ARM.ActiveCfg = Debug|Any CPU
		{5E0565A0-85C7-4701-BB2A-0B360F84CC09}.Debug|ARM.Build.0 = Debug|Any CPU
		{5E0565A0-85C7-4701-BB2A-0B360F84CC09}.Debug|iPhone.ActiveCfg = Debug|Any CPU
		{5E0565A0-85C7-4701-BB2A-0B360F84CC09}.Debug|iPhone.Build.0 = Debug|Any CPU
		{5E0565A0-85C7-4701-BB2A-0B360F84CC09}.Debug|iPhoneSimulator.ActiveCfg = Debug|Any CPU
		{5E0565A0-85C7-4701-BB2A-0B360F84CC09}.Debug|iPhoneSimulator.Build.0 = Debug|Any CPU
		{5E0565A0-85C7-4701-BB2A-0B360F84CC09}.Debug|x64.ActiveCfg = Debug|Any CPU
		{5E0565A0-85C7-4701-BB2A-0B360F84CC09}.Debug|x64.Build.0 = Debug|Any CPU
		{5E0565A0-85C7-4701-BB2A-0B360F84CC09}.Debug|x86.ActiveCfg = Debug|Any CPU
		{5E0565A0-85C7-4701-BB2A-0B360F84CC09}.Debug|x86.Build.0 = Debug|Any CPU
		{5E0565A0-85C7-4701-BB2A-0B360F84CC09}.Release|Any CPU.ActiveCfg = Release|Any CPU
		{5E0565A0-85C7-4701-BB2A-0B360F84CC09}.Release|Any CPU.Build.0 = Release|Any CPU
		{5E0565A0-85C7-4701-BB2A-0B360F84CC09}.Release|ARM.ActiveCfg = Release|Any CPU
		{5E0565A0-85C7-4701-BB2A-0B360F84CC09}.Release|ARM.Build.0 = Release|Any CPU
		{5E0565A0-85C7-4701-BB2A-0B360F84CC09}.Release|iPhone.ActiveCfg = Release|Any CPU
		{5E0565A0-85C7-4701-BB2A-0B360F84CC09}.Release|iPhone.Build.0 = Release|Any CPU
		{5E0565A0-85C7-4701-BB2A-0B360F84CC09}.Release|iPhoneSimulator.ActiveCfg = Release|Any CPU
		{5E0565A0-85C7-4701-BB2A-0B360F84CC09}.Release|iPhoneSimulator.Build.0 = Release|Any CPU
		{5E0565A0-85C7-4701-BB2A-0B360F84CC09}.Release|x64.ActiveCfg = Release|Any CPU
		{5E0565A0-85C7-4701-BB2A-0B360F84CC09}.Release|x64.Build.0 = Release|Any CPU
		{5E0565A0-85C7-4701-BB2A-0B360F84CC09}.Release|x86.ActiveCfg = Release|Any CPU
		{5E0565A0-85C7-4701-BB2A-0B360F84CC09}.Release|x86.Build.0 = Release|Any CPU
		{8173519A-52C7-4998-A960-195627BC9E18}.Ad-Hoc|Any CPU.ActiveCfg = Release|Any CPU
		{8173519A-52C7-4998-A960-195627BC9E18}.Ad-Hoc|Any CPU.Build.0 = Release|Any CPU
		{8173519A-52C7-4998-A960-195627BC9E18}.Ad-Hoc|ARM.ActiveCfg = Release|Any CPU
		{8173519A-52C7-4998-A960-195627BC9E18}.Ad-Hoc|ARM.Build.0 = Release|Any CPU
		{8173519A-52C7-4998-A960-195627BC9E18}.Ad-Hoc|iPhone.ActiveCfg = Release|Any CPU
		{8173519A-52C7-4998-A960-195627BC9E18}.Ad-Hoc|iPhone.Build.0 = Release|Any CPU
		{8173519A-52C7-4998-A960-195627BC9E18}.Ad-Hoc|iPhoneSimulator.ActiveCfg = Release|Any CPU
		{8173519A-52C7-4998-A960-195627BC9E18}.Ad-Hoc|iPhoneSimulator.Build.0 = Release|Any CPU
		{8173519A-52C7-4998-A960-195627BC9E18}.Ad-Hoc|x64.ActiveCfg = Release|Any CPU
		{8173519A-52C7-4998-A960-195627BC9E18}.Ad-Hoc|x64.Build.0 = Release|Any CPU
		{8173519A-52C7-4998-A960-195627BC9E18}.Ad-Hoc|x86.ActiveCfg = Release|Any CPU
		{8173519A-52C7-4998-A960-195627BC9E18}.Ad-Hoc|x86.Build.0 = Release|Any CPU
		{8173519A-52C7-4998-A960-195627BC9E18}.AppStore|Any CPU.ActiveCfg = Release|Any CPU
		{8173519A-52C7-4998-A960-195627BC9E18}.AppStore|Any CPU.Build.0 = Release|Any CPU
		{8173519A-52C7-4998-A960-195627BC9E18}.AppStore|ARM.ActiveCfg = Release|Any CPU
		{8173519A-52C7-4998-A960-195627BC9E18}.AppStore|ARM.Build.0 = Release|Any CPU
		{8173519A-52C7-4998-A960-195627BC9E18}.AppStore|iPhone.ActiveCfg = Release|Any CPU
		{8173519A-52C7-4998-A960-195627BC9E18}.AppStore|iPhone.Build.0 = Release|Any CPU
		{8173519A-52C7-4998-A960-195627BC9E18}.AppStore|iPhoneSimulator.ActiveCfg = Release|Any CPU
		{8173519A-52C7-4998-A960-195627BC9E18}.AppStore|iPhoneSimulator.Build.0 = Release|Any CPU
		{8173519A-52C7-4998-A960-195627BC9E18}.AppStore|x64.ActiveCfg = Release|Any CPU
		{8173519A-52C7-4998-A960-195627BC9E18}.AppStore|x64.Build.0 = Release|Any CPU
		{8173519A-52C7-4998-A960-195627BC9E18}.AppStore|x86.ActiveCfg = Release|Any CPU
		{8173519A-52C7-4998-A960-195627BC9E18}.AppStore|x86.Build.0 = Release|Any CPU
		{8173519A-52C7-4998-A960-195627BC9E18}.Debug|Any CPU.ActiveCfg = Debug|Any CPU
		{8173519A-52C7-4998-A960-195627BC9E18}.Debug|Any CPU.Build.0 = Debug|Any CPU
		{8173519A-52C7-4998-A960-195627BC9E18}.Debug|ARM.ActiveCfg = Debug|Any CPU
		{8173519A-52C7-4998-A960-195627BC9E18}.Debug|ARM.Build.0 = Debug|Any CPU
		{8173519A-52C7-4998-A960-195627BC9E18}.Debug|iPhone.ActiveCfg = Debug|Any CPU
		{8173519A-52C7-4998-A960-195627BC9E18}.Debug|iPhone.Build.0 = Debug|Any CPU
		{8173519A-52C7-4998-A960-195627BC9E18}.Debug|iPhoneSimulator.ActiveCfg = Debug|Any CPU
		{8173519A-52C7-4998-A960-195627BC9E18}.Debug|iPhoneSimulator.Build.0 = Debug|Any CPU
		{8173519A-52C7-4998-A960-195627BC9E18}.Debug|x64.ActiveCfg = Debug|Any CPU
		{8173519A-52C7-4998-A960-195627BC9E18}.Debug|x64.Build.0 = Debug|Any CPU
		{8173519A-52C7-4998-A960-195627BC9E18}.Debug|x86.ActiveCfg = Debug|Any CPU
		{8173519A-52C7-4998-A960-195627BC9E18}.Debug|x86.Build.0 = Debug|Any CPU
		{8173519A-52C7-4998-A960-195627BC9E18}.Release|Any CPU.ActiveCfg = Release|Any CPU
		{8173519A-52C7-4998-A960-195627BC9E18}.Release|Any CPU.Build.0 = Release|Any CPU
		{8173519A-52C7-4998-A960-195627BC9E18}.Release|ARM.ActiveCfg = Release|Any CPU
		{8173519A-52C7-4998-A960-195627BC9E18}.Release|ARM.Build.0 = Release|Any CPU
		{8173519A-52C7-4998-A960-195627BC9E18}.Release|iPhone.ActiveCfg = Release|Any CPU
		{8173519A-52C7-4998-A960-195627BC9E18}.Release|iPhone.Build.0 = Release|Any CPU
		{8173519A-52C7-4998-A960-195627BC9E18}.Release|iPhoneSimulator.ActiveCfg = Release|Any CPU
		{8173519A-52C7-4998-A960-195627BC9E18}.Release|iPhoneSimulator.Build.0 = Release|Any CPU
		{8173519A-52C7-4998-A960-195627BC9E18}.Release|x64.ActiveCfg = Release|Any CPU
		{8173519A-52C7-4998-A960-195627BC9E18}.Release|x64.Build.0 = Release|Any CPU
		{8173519A-52C7-4998-A960-195627BC9E18}.Release|x86.ActiveCfg = Release|Any CPU
		{8173519A-52C7-4998-A960-195627BC9E18}.Release|x86.Build.0 = Release|Any CPU
		{4F770C27-0667-43E8-9B2A-1F9465456F01}.Ad-Hoc|Any CPU.ActiveCfg = Release|Any CPU
		{4F770C27-0667-43E8-9B2A-1F9465456F01}.Ad-Hoc|Any CPU.Build.0 = Release|Any CPU
		{4F770C27-0667-43E8-9B2A-1F9465456F01}.Ad-Hoc|ARM.ActiveCfg = Release|Any CPU
		{4F770C27-0667-43E8-9B2A-1F9465456F01}.Ad-Hoc|ARM.Build.0 = Release|Any CPU
		{4F770C27-0667-43E8-9B2A-1F9465456F01}.Ad-Hoc|iPhone.ActiveCfg = Release|Any CPU
		{4F770C27-0667-43E8-9B2A-1F9465456F01}.Ad-Hoc|iPhone.Build.0 = Release|Any CPU
		{4F770C27-0667-43E8-9B2A-1F9465456F01}.Ad-Hoc|iPhoneSimulator.ActiveCfg = Release|Any CPU
		{4F770C27-0667-43E8-9B2A-1F9465456F01}.Ad-Hoc|iPhoneSimulator.Build.0 = Release|Any CPU
		{4F770C27-0667-43E8-9B2A-1F9465456F01}.Ad-Hoc|x64.ActiveCfg = Release|Any CPU
		{4F770C27-0667-43E8-9B2A-1F9465456F01}.Ad-Hoc|x64.Build.0 = Release|Any CPU
		{4F770C27-0667-43E8-9B2A-1F9465456F01}.Ad-Hoc|x86.ActiveCfg = Release|Any CPU
		{4F770C27-0667-43E8-9B2A-1F9465456F01}.Ad-Hoc|x86.Build.0 = Release|Any CPU
		{4F770C27-0667-43E8-9B2A-1F9465456F01}.AppStore|Any CPU.ActiveCfg = Release|Any CPU
		{4F770C27-0667-43E8-9B2A-1F9465456F01}.AppStore|Any CPU.Build.0 = Release|Any CPU
		{4F770C27-0667-43E8-9B2A-1F9465456F01}.AppStore|ARM.ActiveCfg = Release|Any CPU
		{4F770C27-0667-43E8-9B2A-1F9465456F01}.AppStore|ARM.Build.0 = Release|Any CPU
		{4F770C27-0667-43E8-9B2A-1F9465456F01}.AppStore|iPhone.ActiveCfg = Release|Any CPU
		{4F770C27-0667-43E8-9B2A-1F9465456F01}.AppStore|iPhone.Build.0 = Release|Any CPU
		{4F770C27-0667-43E8-9B2A-1F9465456F01}.AppStore|iPhoneSimulator.ActiveCfg = Release|Any CPU
		{4F770C27-0667-43E8-9B2A-1F9465456F01}.AppStore|iPhoneSimulator.Build.0 = Release|Any CPU
		{4F770C27-0667-43E8-9B2A-1F9465456F01}.AppStore|x64.ActiveCfg = Release|Any CPU
		{4F770C27-0667-43E8-9B2A-1F9465456F01}.AppStore|x64.Build.0 = Release|Any CPU
		{4F770C27-0667-43E8-9B2A-1F9465456F01}.AppStore|x86.ActiveCfg = Release|Any CPU
		{4F770C27-0667-43E8-9B2A-1F9465456F01}.AppStore|x86.Build.0 = Release|Any CPU
		{4F770C27-0667-43E8-9B2A-1F9465456F01}.Debug|Any CPU.ActiveCfg = Debug|Any CPU
		{4F770C27-0667-43E8-9B2A-1F9465456F01}.Debug|Any CPU.Build.0 = Debug|Any CPU
		{4F770C27-0667-43E8-9B2A-1F9465456F01}.Debug|ARM.ActiveCfg = Debug|Any CPU
		{4F770C27-0667-43E8-9B2A-1F9465456F01}.Debug|ARM.Build.0 = Debug|Any CPU
		{4F770C27-0667-43E8-9B2A-1F9465456F01}.Debug|iPhone.ActiveCfg = Debug|Any CPU
		{4F770C27-0667-43E8-9B2A-1F9465456F01}.Debug|iPhone.Build.0 = Debug|Any CPU
		{4F770C27-0667-43E8-9B2A-1F9465456F01}.Debug|iPhoneSimulator.ActiveCfg = Debug|Any CPU
		{4F770C27-0667-43E8-9B2A-1F9465456F01}.Debug|iPhoneSimulator.Build.0 = Debug|Any CPU
		{4F770C27-0667-43E8-9B2A-1F9465456F01}.Debug|x64.ActiveCfg = Debug|Any CPU
		{4F770C27-0667-43E8-9B2A-1F9465456F01}.Debug|x64.Build.0 = Debug|Any CPU
		{4F770C27-0667-43E8-9B2A-1F9465456F01}.Debug|x86.ActiveCfg = Debug|Any CPU
		{4F770C27-0667-43E8-9B2A-1F9465456F01}.Debug|x86.Build.0 = Debug|Any CPU
		{4F770C27-0667-43E8-9B2A-1F9465456F01}.Release|Any CPU.ActiveCfg = Release|Any CPU
		{4F770C27-0667-43E8-9B2A-1F9465456F01}.Release|Any CPU.Build.0 = Release|Any CPU
		{4F770C27-0667-43E8-9B2A-1F9465456F01}.Release|ARM.ActiveCfg = Release|Any CPU
		{4F770C27-0667-43E8-9B2A-1F9465456F01}.Release|ARM.Build.0 = Release|Any CPU
		{4F770C27-0667-43E8-9B2A-1F9465456F01}.Release|iPhone.ActiveCfg = Release|Any CPU
		{4F770C27-0667-43E8-9B2A-1F9465456F01}.Release|iPhone.Build.0 = Release|Any CPU
		{4F770C27-0667-43E8-9B2A-1F9465456F01}.Release|iPhoneSimulator.ActiveCfg = Release|Any CPU
		{4F770C27-0667-43E8-9B2A-1F9465456F01}.Release|iPhoneSimulator.Build.0 = Release|Any CPU
		{4F770C27-0667-43E8-9B2A-1F9465456F01}.Release|x64.ActiveCfg = Release|Any CPU
		{4F770C27-0667-43E8-9B2A-1F9465456F01}.Release|x64.Build.0 = Release|Any CPU
		{4F770C27-0667-43E8-9B2A-1F9465456F01}.Release|x86.ActiveCfg = Release|Any CPU
		{4F770C27-0667-43E8-9B2A-1F9465456F01}.Release|x86.Build.0 = Release|Any CPU
		{1AE7F5D3-52B9-4C07-9860-1A068C73783A}.Ad-Hoc|Any CPU.ActiveCfg = Release|Any CPU
		{1AE7F5D3-52B9-4C07-9860-1A068C73783A}.Ad-Hoc|Any CPU.Build.0 = Release|Any CPU
		{1AE7F5D3-52B9-4C07-9860-1A068C73783A}.Ad-Hoc|ARM.ActiveCfg = Release|Any CPU
		{1AE7F5D3-52B9-4C07-9860-1A068C73783A}.Ad-Hoc|ARM.Build.0 = Release|Any CPU
		{1AE7F5D3-52B9-4C07-9860-1A068C73783A}.Ad-Hoc|iPhone.ActiveCfg = Release|Any CPU
		{1AE7F5D3-52B9-4C07-9860-1A068C73783A}.Ad-Hoc|iPhone.Build.0 = Release|Any CPU
		{1AE7F5D3-52B9-4C07-9860-1A068C73783A}.Ad-Hoc|iPhoneSimulator.ActiveCfg = Release|Any CPU
		{1AE7F5D3-52B9-4C07-9860-1A068C73783A}.Ad-Hoc|iPhoneSimulator.Build.0 = Release|Any CPU
		{1AE7F5D3-52B9-4C07-9860-1A068C73783A}.Ad-Hoc|x64.ActiveCfg = Release|Any CPU
		{1AE7F5D3-52B9-4C07-9860-1A068C73783A}.Ad-Hoc|x64.Build.0 = Release|Any CPU
		{1AE7F5D3-52B9-4C07-9860-1A068C73783A}.Ad-Hoc|x86.ActiveCfg = Release|Any CPU
		{1AE7F5D3-52B9-4C07-9860-1A068C73783A}.Ad-Hoc|x86.Build.0 = Release|Any CPU
		{1AE7F5D3-52B9-4C07-9860-1A068C73783A}.AppStore|Any CPU.ActiveCfg = Release|Any CPU
		{1AE7F5D3-52B9-4C07-9860-1A068C73783A}.AppStore|Any CPU.Build.0 = Release|Any CPU
		{1AE7F5D3-52B9-4C07-9860-1A068C73783A}.AppStore|ARM.ActiveCfg = Release|Any CPU
		{1AE7F5D3-52B9-4C07-9860-1A068C73783A}.AppStore|ARM.Build.0 = Release|Any CPU
		{1AE7F5D3-52B9-4C07-9860-1A068C73783A}.AppStore|iPhone.ActiveCfg = Release|Any CPU
		{1AE7F5D3-52B9-4C07-9860-1A068C73783A}.AppStore|iPhone.Build.0 = Release|Any CPU
		{1AE7F5D3-52B9-4C07-9860-1A068C73783A}.AppStore|iPhoneSimulator.ActiveCfg = Release|Any CPU
		{1AE7F5D3-52B9-4C07-9860-1A068C73783A}.AppStore|iPhoneSimulator.Build.0 = Release|Any CPU
		{1AE7F5D3-52B9-4C07-9860-1A068C73783A}.AppStore|x64.ActiveCfg = Release|Any CPU
		{1AE7F5D3-52B9-4C07-9860-1A068C73783A}.AppStore|x64.Build.0 = Release|Any CPU
		{1AE7F5D3-52B9-4C07-9860-1A068C73783A}.AppStore|x86.ActiveCfg = Release|Any CPU
		{1AE7F5D3-52B9-4C07-9860-1A068C73783A}.AppStore|x86.Build.0 = Release|Any CPU
		{1AE7F5D3-52B9-4C07-9860-1A068C73783A}.Debug|Any CPU.ActiveCfg = Debug|Any CPU
		{1AE7F5D3-52B9-4C07-9860-1A068C73783A}.Debug|Any CPU.Build.0 = Debug|Any CPU
		{1AE7F5D3-52B9-4C07-9860-1A068C73783A}.Debug|ARM.ActiveCfg = Debug|Any CPU
		{1AE7F5D3-52B9-4C07-9860-1A068C73783A}.Debug|ARM.Build.0 = Debug|Any CPU
		{1AE7F5D3-52B9-4C07-9860-1A068C73783A}.Debug|iPhone.ActiveCfg = Debug|Any CPU
		{1AE7F5D3-52B9-4C07-9860-1A068C73783A}.Debug|iPhone.Build.0 = Debug|Any CPU
		{1AE7F5D3-52B9-4C07-9860-1A068C73783A}.Debug|iPhoneSimulator.ActiveCfg = Debug|Any CPU
		{1AE7F5D3-52B9-4C07-9860-1A068C73783A}.Debug|iPhoneSimulator.Build.0 = Debug|Any CPU
		{1AE7F5D3-52B9-4C07-9860-1A068C73783A}.Debug|x64.ActiveCfg = Debug|Any CPU
		{1AE7F5D3-52B9-4C07-9860-1A068C73783A}.Debug|x64.Build.0 = Debug|Any CPU
		{1AE7F5D3-52B9-4C07-9860-1A068C73783A}.Debug|x86.ActiveCfg = Debug|Any CPU
		{1AE7F5D3-52B9-4C07-9860-1A068C73783A}.Debug|x86.Build.0 = Debug|Any CPU
		{1AE7F5D3-52B9-4C07-9860-1A068C73783A}.Release|Any CPU.ActiveCfg = Release|Any CPU
		{1AE7F5D3-52B9-4C07-9860-1A068C73783A}.Release|Any CPU.Build.0 = Release|Any CPU
		{1AE7F5D3-52B9-4C07-9860-1A068C73783A}.Release|ARM.ActiveCfg = Release|Any CPU
		{1AE7F5D3-52B9-4C07-9860-1A068C73783A}.Release|ARM.Build.0 = Release|Any CPU
		{1AE7F5D3-52B9-4C07-9860-1A068C73783A}.Release|iPhone.ActiveCfg = Release|Any CPU
		{1AE7F5D3-52B9-4C07-9860-1A068C73783A}.Release|iPhone.Build.0 = Release|Any CPU
		{1AE7F5D3-52B9-4C07-9860-1A068C73783A}.Release|iPhoneSimulator.ActiveCfg = Release|Any CPU
		{1AE7F5D3-52B9-4C07-9860-1A068C73783A}.Release|iPhoneSimulator.Build.0 = Release|Any CPU
		{1AE7F5D3-52B9-4C07-9860-1A068C73783A}.Release|x64.ActiveCfg = Release|Any CPU
		{1AE7F5D3-52B9-4C07-9860-1A068C73783A}.Release|x64.Build.0 = Release|Any CPU
		{1AE7F5D3-52B9-4C07-9860-1A068C73783A}.Release|x86.ActiveCfg = Release|Any CPU
		{1AE7F5D3-52B9-4C07-9860-1A068C73783A}.Release|x86.Build.0 = Release|Any CPU
		{319B2990-93FB-4034-8B17-687BD2B469AB}.Ad-Hoc|Any CPU.ActiveCfg = Release|Any CPU
		{319B2990-93FB-4034-8B17-687BD2B469AB}.Ad-Hoc|Any CPU.Build.0 = Release|Any CPU
		{319B2990-93FB-4034-8B17-687BD2B469AB}.Ad-Hoc|ARM.ActiveCfg = Release|Any CPU
		{319B2990-93FB-4034-8B17-687BD2B469AB}.Ad-Hoc|ARM.Build.0 = Release|Any CPU
		{319B2990-93FB-4034-8B17-687BD2B469AB}.Ad-Hoc|iPhone.ActiveCfg = Release|Any CPU
		{319B2990-93FB-4034-8B17-687BD2B469AB}.Ad-Hoc|iPhone.Build.0 = Release|Any CPU
		{319B2990-93FB-4034-8B17-687BD2B469AB}.Ad-Hoc|iPhoneSimulator.ActiveCfg = Release|Any CPU
		{319B2990-93FB-4034-8B17-687BD2B469AB}.Ad-Hoc|iPhoneSimulator.Build.0 = Release|Any CPU
		{319B2990-93FB-4034-8B17-687BD2B469AB}.Ad-Hoc|x64.ActiveCfg = Release|Any CPU
		{319B2990-93FB-4034-8B17-687BD2B469AB}.Ad-Hoc|x64.Build.0 = Release|Any CPU
		{319B2990-93FB-4034-8B17-687BD2B469AB}.Ad-Hoc|x86.ActiveCfg = Release|Any CPU
		{319B2990-93FB-4034-8B17-687BD2B469AB}.Ad-Hoc|x86.Build.0 = Release|Any CPU
		{319B2990-93FB-4034-8B17-687BD2B469AB}.AppStore|Any CPU.ActiveCfg = Release|Any CPU
		{319B2990-93FB-4034-8B17-687BD2B469AB}.AppStore|Any CPU.Build.0 = Release|Any CPU
		{319B2990-93FB-4034-8B17-687BD2B469AB}.AppStore|ARM.ActiveCfg = Release|Any CPU
		{319B2990-93FB-4034-8B17-687BD2B469AB}.AppStore|ARM.Build.0 = Release|Any CPU
		{319B2990-93FB-4034-8B17-687BD2B469AB}.AppStore|iPhone.ActiveCfg = Release|Any CPU
		{319B2990-93FB-4034-8B17-687BD2B469AB}.AppStore|iPhone.Build.0 = Release|Any CPU
		{319B2990-93FB-4034-8B17-687BD2B469AB}.AppStore|iPhoneSimulator.ActiveCfg = Release|Any CPU
		{319B2990-93FB-4034-8B17-687BD2B469AB}.AppStore|iPhoneSimulator.Build.0 = Release|Any CPU
		{319B2990-93FB-4034-8B17-687BD2B469AB}.AppStore|x64.ActiveCfg = Release|Any CPU
		{319B2990-93FB-4034-8B17-687BD2B469AB}.AppStore|x64.Build.0 = Release|Any CPU
		{319B2990-93FB-4034-8B17-687BD2B469AB}.AppStore|x86.ActiveCfg = Release|Any CPU
		{319B2990-93FB-4034-8B17-687BD2B469AB}.AppStore|x86.Build.0 = Release|Any CPU
		{319B2990-93FB-4034-8B17-687BD2B469AB}.Debug|Any CPU.ActiveCfg = Debug|Any CPU
		{319B2990-93FB-4034-8B17-687BD2B469AB}.Debug|Any CPU.Build.0 = Debug|Any CPU
		{319B2990-93FB-4034-8B17-687BD2B469AB}.Debug|ARM.ActiveCfg = Debug|Any CPU
		{319B2990-93FB-4034-8B17-687BD2B469AB}.Debug|ARM.Build.0 = Debug|Any CPU
		{319B2990-93FB-4034-8B17-687BD2B469AB}.Debug|iPhone.ActiveCfg = Debug|Any CPU
		{319B2990-93FB-4034-8B17-687BD2B469AB}.Debug|iPhone.Build.0 = Debug|Any CPU
		{319B2990-93FB-4034-8B17-687BD2B469AB}.Debug|iPhoneSimulator.ActiveCfg = Debug|Any CPU
		{319B2990-93FB-4034-8B17-687BD2B469AB}.Debug|iPhoneSimulator.Build.0 = Debug|Any CPU
		{319B2990-93FB-4034-8B17-687BD2B469AB}.Debug|x64.ActiveCfg = Debug|Any CPU
		{319B2990-93FB-4034-8B17-687BD2B469AB}.Debug|x64.Build.0 = Debug|Any CPU
		{319B2990-93FB-4034-8B17-687BD2B469AB}.Debug|x86.ActiveCfg = Debug|Any CPU
		{319B2990-93FB-4034-8B17-687BD2B469AB}.Debug|x86.Build.0 = Debug|Any CPU
		{319B2990-93FB-4034-8B17-687BD2B469AB}.Release|Any CPU.ActiveCfg = Release|Any CPU
		{319B2990-93FB-4034-8B17-687BD2B469AB}.Release|Any CPU.Build.0 = Release|Any CPU
		{319B2990-93FB-4034-8B17-687BD2B469AB}.Release|ARM.ActiveCfg = Release|Any CPU
		{319B2990-93FB-4034-8B17-687BD2B469AB}.Release|ARM.Build.0 = Release|Any CPU
		{319B2990-93FB-4034-8B17-687BD2B469AB}.Release|iPhone.ActiveCfg = Release|Any CPU
		{319B2990-93FB-4034-8B17-687BD2B469AB}.Release|iPhone.Build.0 = Release|Any CPU
		{319B2990-93FB-4034-8B17-687BD2B469AB}.Release|iPhoneSimulator.ActiveCfg = Release|Any CPU
		{319B2990-93FB-4034-8B17-687BD2B469AB}.Release|iPhoneSimulator.Build.0 = Release|Any CPU
		{319B2990-93FB-4034-8B17-687BD2B469AB}.Release|x64.ActiveCfg = Release|Any CPU
		{319B2990-93FB-4034-8B17-687BD2B469AB}.Release|x64.Build.0 = Release|Any CPU
		{319B2990-93FB-4034-8B17-687BD2B469AB}.Release|x86.ActiveCfg = Release|Any CPU
		{319B2990-93FB-4034-8B17-687BD2B469AB}.Release|x86.Build.0 = Release|Any CPU
		{3D17AB3E-2CCF-41B6-98F5-4E693060CF69}.Ad-Hoc|Any CPU.ActiveCfg = Release|Any CPU
		{3D17AB3E-2CCF-41B6-98F5-4E693060CF69}.Ad-Hoc|Any CPU.Build.0 = Release|Any CPU
		{3D17AB3E-2CCF-41B6-98F5-4E693060CF69}.Ad-Hoc|ARM.ActiveCfg = Release|Any CPU
		{3D17AB3E-2CCF-41B6-98F5-4E693060CF69}.Ad-Hoc|ARM.Build.0 = Release|Any CPU
		{3D17AB3E-2CCF-41B6-98F5-4E693060CF69}.Ad-Hoc|iPhone.ActiveCfg = Release|Any CPU
		{3D17AB3E-2CCF-41B6-98F5-4E693060CF69}.Ad-Hoc|iPhone.Build.0 = Release|Any CPU
		{3D17AB3E-2CCF-41B6-98F5-4E693060CF69}.Ad-Hoc|iPhoneSimulator.ActiveCfg = Release|Any CPU
		{3D17AB3E-2CCF-41B6-98F5-4E693060CF69}.Ad-Hoc|iPhoneSimulator.Build.0 = Release|Any CPU
		{3D17AB3E-2CCF-41B6-98F5-4E693060CF69}.Ad-Hoc|x64.ActiveCfg = Release|Any CPU
		{3D17AB3E-2CCF-41B6-98F5-4E693060CF69}.Ad-Hoc|x64.Build.0 = Release|Any CPU
		{3D17AB3E-2CCF-41B6-98F5-4E693060CF69}.Ad-Hoc|x86.ActiveCfg = Release|Any CPU
		{3D17AB3E-2CCF-41B6-98F5-4E693060CF69}.Ad-Hoc|x86.Build.0 = Release|Any CPU
		{3D17AB3E-2CCF-41B6-98F5-4E693060CF69}.AppStore|Any CPU.ActiveCfg = Release|Any CPU
		{3D17AB3E-2CCF-41B6-98F5-4E693060CF69}.AppStore|Any CPU.Build.0 = Release|Any CPU
		{3D17AB3E-2CCF-41B6-98F5-4E693060CF69}.AppStore|ARM.ActiveCfg = Release|Any CPU
		{3D17AB3E-2CCF-41B6-98F5-4E693060CF69}.AppStore|ARM.Build.0 = Release|Any CPU
		{3D17AB3E-2CCF-41B6-98F5-4E693060CF69}.AppStore|iPhone.ActiveCfg = Release|Any CPU
		{3D17AB3E-2CCF-41B6-98F5-4E693060CF69}.AppStore|iPhone.Build.0 = Release|Any CPU
		{3D17AB3E-2CCF-41B6-98F5-4E693060CF69}.AppStore|iPhoneSimulator.ActiveCfg = Release|Any CPU
		{3D17AB3E-2CCF-41B6-98F5-4E693060CF69}.AppStore|iPhoneSimulator.Build.0 = Release|Any CPU
		{3D17AB3E-2CCF-41B6-98F5-4E693060CF69}.AppStore|x64.ActiveCfg = Release|Any CPU
		{3D17AB3E-2CCF-41B6-98F5-4E693060CF69}.AppStore|x64.Build.0 = Release|Any CPU
		{3D17AB3E-2CCF-41B6-98F5-4E693060CF69}.AppStore|x86.ActiveCfg = Release|Any CPU
		{3D17AB3E-2CCF-41B6-98F5-4E693060CF69}.AppStore|x86.Build.0 = Release|Any CPU
		{3D17AB3E-2CCF-41B6-98F5-4E693060CF69}.Debug|Any CPU.ActiveCfg = Debug|Any CPU
		{3D17AB3E-2CCF-41B6-98F5-4E693060CF69}.Debug|Any CPU.Build.0 = Debug|Any CPU
		{3D17AB3E-2CCF-41B6-98F5-4E693060CF69}.Debug|ARM.ActiveCfg = Debug|Any CPU
		{3D17AB3E-2CCF-41B6-98F5-4E693060CF69}.Debug|ARM.Build.0 = Debug|Any CPU
		{3D17AB3E-2CCF-41B6-98F5-4E693060CF69}.Debug|iPhone.ActiveCfg = Debug|Any CPU
		{3D17AB3E-2CCF-41B6-98F5-4E693060CF69}.Debug|iPhone.Build.0 = Debug|Any CPU
		{3D17AB3E-2CCF-41B6-98F5-4E693060CF69}.Debug|iPhoneSimulator.ActiveCfg = Debug|Any CPU
		{3D17AB3E-2CCF-41B6-98F5-4E693060CF69}.Debug|iPhoneSimulator.Build.0 = Debug|Any CPU
		{3D17AB3E-2CCF-41B6-98F5-4E693060CF69}.Debug|x64.ActiveCfg = Debug|Any CPU
		{3D17AB3E-2CCF-41B6-98F5-4E693060CF69}.Debug|x64.Build.0 = Debug|Any CPU
		{3D17AB3E-2CCF-41B6-98F5-4E693060CF69}.Debug|x86.ActiveCfg = Debug|Any CPU
		{3D17AB3E-2CCF-41B6-98F5-4E693060CF69}.Debug|x86.Build.0 = Debug|Any CPU
		{3D17AB3E-2CCF-41B6-98F5-4E693060CF69}.Release|Any CPU.ActiveCfg = Release|Any CPU
		{3D17AB3E-2CCF-41B6-98F5-4E693060CF69}.Release|Any CPU.Build.0 = Release|Any CPU
		{3D17AB3E-2CCF-41B6-98F5-4E693060CF69}.Release|ARM.ActiveCfg = Release|Any CPU
		{3D17AB3E-2CCF-41B6-98F5-4E693060CF69}.Release|ARM.Build.0 = Release|Any CPU
		{3D17AB3E-2CCF-41B6-98F5-4E693060CF69}.Release|iPhone.ActiveCfg = Release|Any CPU
		{3D17AB3E-2CCF-41B6-98F5-4E693060CF69}.Release|iPhone.Build.0 = Release|Any CPU
		{3D17AB3E-2CCF-41B6-98F5-4E693060CF69}.Release|iPhoneSimulator.ActiveCfg = Release|Any CPU
		{3D17AB3E-2CCF-41B6-98F5-4E693060CF69}.Release|iPhoneSimulator.Build.0 = Release|Any CPU
		{3D17AB3E-2CCF-41B6-98F5-4E693060CF69}.Release|x64.ActiveCfg = Release|Any CPU
		{3D17AB3E-2CCF-41B6-98F5-4E693060CF69}.Release|x64.Build.0 = Release|Any CPU
		{3D17AB3E-2CCF-41B6-98F5-4E693060CF69}.Release|x86.ActiveCfg = Release|Any CPU
		{3D17AB3E-2CCF-41B6-98F5-4E693060CF69}.Release|x86.Build.0 = Release|Any CPU
	EndGlobalSection
	GlobalSection(SolutionProperties) = preSolution
		HideSolutionNode = FALSE
	EndGlobalSection
	GlobalSection(ExtensibilityGlobals) = postSolution
		SolutionGuid = {4E4AAC51-CCA9-46B0-B6C0-6D6F09817B20}
	EndGlobalSection
EndGlobal
